
Microsoft Visual Studio Solution File, Format Version 12.00
# Visual Studio Version 17
VisualStudioVersion = 17.1.32421.90
MinimumVisualStudioVersion = 10.0.40219.1
Project("{FAE04EC0-301F-11D3-BF4B-00C04F79EFBC}") = "AcademyF_Leonardo_Sanna_MVC.MVC", "AcademyF_Leonardo_Sanna_MVC.MVC\AcademyF_Leonardo_Sanna_MVC.MVC.csproj", "{4DC05881-1E1D-4857-B280-62CFA78E534F}"
EndProject
Project("{FAE04EC0-301F-11D3-BF4B-00C04F79EFBC}") = "AcademyF_Leonardo_Sanna_MVC.Core", "AcademyF_Leonardo_Sanna_MVC.Core\AcademyF_Leonardo_Sanna_MVC.Core.csproj", "{BFC13880-6972-4635-AC5F-5D0313401650}"
EndProject
Project("{FAE04EC0-301F-11D3-BF4B-00C04F79EFBC}") = "AcademyF_Leonardo_Sanna_MVC.RepositoryEF", "AcademyF_Leonardo_Sanna_MVC.RepositoryEF\AcademyF_Leonardo_Sanna_MVC.RepositoryEF.csproj", "{2D4F9733-892A-4345-BFA6-21EA932DDD22}"
EndProject
Global
	GlobalSection(SolutionConfigurationPlatforms) = preSolution
		Debug|Any CPU = Debug|Any CPU
		Release|Any CPU = Release|Any CPU
	EndGlobalSection
	GlobalSection(ProjectConfigurationPlatforms) = postSolution
		{4DC05881-1E1D-4857-B280-62CFA78E534F}.Debug|Any CPU.ActiveCfg = Debug|Any CPU
		{4DC05881-1E1D-4857-B280-62CFA78E534F}.Debug|Any CPU.Build.0 = Debug|Any CPU
		{4DC05881-1E1D-4857-B280-62CFA78E534F}.Release|Any CPU.ActiveCfg = Release|Any CPU
		{4DC05881-1E1D-4857-B280-62CFA78E534F}.Release|Any CPU.Build.0 = Release|Any CPU
		{BFC13880-6972-4635-AC5F-5D0313401650}.Debug|Any CPU.ActiveCfg = Debug|Any CPU
		{BFC13880-6972-4635-AC5F-5D0313401650}.Debug|Any CPU.Build.0 = Debug|Any CPU
		{BFC13880-6972-4635-AC5F-5D0313401650}.Release|Any CPU.ActiveCfg = Release|Any CPU
		{BFC13880-6972-4635-AC5F-5D0313401650}.Release|Any CPU.Build.0 = Release|Any CPU
		{2D4F9733-892A-4345-BFA6-21EA932DDD22}.Debug|Any CPU.ActiveCfg = Debug|Any CPU
		{2D4F9733-892A-4345-BFA6-21EA932DDD22}.Debug|Any CPU.Build.0 = Debug|Any CPU
		{2D4F9733-892A-4345-BFA6-21EA932DDD22}.Release|Any CPU.ActiveCfg = Release|Any CPU
		{2D4F9733-892A-4345-BFA6-21EA932DDD22}.Release|Any CPU.Build.0 = Release|Any CPU
	EndGlobalSection
	GlobalSection(SolutionProperties) = preSolution
		HideSolutionNode = FALSE
	EndGlobalSection
	GlobalSection(ExtensibilityGlobals) = postSolution
		SolutionGuid = {E30A2D95-ACD0-4DF3-829C-BEF64197E34B}
	EndGlobalSection
EndGlobal
